
Microsoft Visual Studio Solution File, Format Version 12.00
# Visual Studio Version 17
VisualStudioVersion = 17.3.32901.215
MinimumVisualStudioVersion = 10.0.40219.1
Project("{FAE04EC0-301F-11D3-BF4B-00C04F79EFBC}") = "button-Textbox1", "button-Textbox1\button-Textbox1.csproj", "{EBAF369C-DF91-4CBE-ADC5-3376B66EEE75}"
EndProject
Global
	GlobalSection(SolutionConfigurationPlatforms) = preSolution
		Debug|Any CPU = Debug|Any CPU
		Release|Any CPU = Release|Any CPU
	EndGlobalSection
	GlobalSection(ProjectConfigurationPlatforms) = postSolution
		{EBAF369C-DF91-4CBE-ADC5-3376B66EEE75}.Debug|Any CPU.ActiveCfg = Debug|Any CPU
		{EBAF369C-DF91-4CBE-ADC5-3376B66EEE75}.Debug|Any CPU.Build.0 = Debug|Any CPU
		{EBAF369C-DF91-4CBE-ADC5-3376B66EEE75}.Release|Any CPU.ActiveCfg = Release|Any CPU
		{EBAF369C-DF91-4CBE-ADC5-3376B66EEE75}.Release|Any CPU.Build.0 = Release|Any CPU
	EndGlobalSection
	GlobalSection(SolutionProperties) = preSolution
		HideSolutionNode = FALSE
	EndGlobalSection
	GlobalSection(ExtensibilityGlobals) = postSolution
		SolutionGuid = {3C9E830F-B5EA-4A38-A7E7-202690920393}
	EndGlobalSection
EndGlobal
